// !$*UTF8*$!
{
	archiveVersion = 1;
	classes = {
	};
	objectVersion = 55;
	objects = {

/* Begin PBXBuildFile section */
		D34DA43D26C1CA9800CE4DEF /* EpisodesViewModel.swift in Sources */ = {isa = PBXBuildFile; fileRef = D34DA43C26C1CA9800CE4DEF /* EpisodesViewModel.swift */; };
		D34DA43F26C1CADF00CE4DEF /* Episode.swift in Sources */ = {isa = PBXBuildFile; fileRef = D34DA43E26C1CADF00CE4DEF /* Episode.swift */; };
		D34DA44126C1D76800CE4DEF /* EpisodeDetailView.swift in Sources */ = {isa = PBXBuildFile; fileRef = D34DA44026C1D76800CE4DEF /* EpisodeDetailView.swift */; };
		D34DA44326C26F0D00CE4DEF /* SearchBarView.swift in Sources */ = {isa = PBXBuildFile; fileRef = D34DA44226C26F0D00CE4DEF /* SearchBarView.swift */; };
		D3573FE526C1AD77000E621A /* Breaking_Bad_Fan_AppApp.swift in Sources */ = {isa = PBXBuildFile; fileRef = D3573FE426C1AD77000E621A /* Breaking_Bad_Fan_AppApp.swift */; };
		D3573FE726C1AD77000E621A /* ContentView.swift in Sources */ = {isa = PBXBuildFile; fileRef = D3573FE626C1AD77000E621A /* ContentView.swift */; };
		D3573FE926C1AD78000E621A /* Assets.xcassets in Resources */ = {isa = PBXBuildFile; fileRef = D3573FE826C1AD78000E621A /* Assets.xcassets */; };
		D3573FEC26C1AD78000E621A /* Preview Assets.xcassets in Resources */ = {isa = PBXBuildFile; fileRef = D3573FEB26C1AD78000E621A /* Preview Assets.xcassets */; };
		D3573FF626C1AE0B000E621A /* CharactersView.swift in Sources */ = {isa = PBXBuildFile; fileRef = D3573FF526C1AE0B000E621A /* CharactersView.swift */; };
		D3573FF826C1AEBA000E621A /* TabView.swift in Sources */ = {isa = PBXBuildFile; fileRef = D3573FF726C1AEBA000E621A /* TabView.swift */; };
		D3573FFC26C1AFA1000E621A /* EpisodesView.swift in Sources */ = {isa = PBXBuildFile; fileRef = D3573FFB26C1AFA1000E621A /* EpisodesView.swift */; };
		D3573FFE26C1B332000E621A /* Character.swift in Sources */ = {isa = PBXBuildFile; fileRef = D3573FFD26C1B331000E621A /* Character.swift */; };
		D357400026C1B6B1000E621A /* CharactersViewModel.swift in Sources */ = {isa = PBXBuildFile; fileRef = D3573FFF26C1B6B1000E621A /* CharactersViewModel.swift */; };
		D357400226C1B9D4000E621A /* CharacterDetailsView.swift in Sources */ = {isa = PBXBuildFile; fileRef = D357400126C1B9D4000E621A /* CharacterDetailsView.swift */; };
		D357400526C1BA47000E621A /* SDWebImageSwiftUI in Frameworks */ = {isa = PBXBuildFile; productRef = D357400426C1BA47000E621A /* SDWebImageSwiftUI */; };
		D3B551FB26CC6D3600BAFCDD /* SeasonsDisclosureGroup.swift in Sources */ = {isa = PBXBuildFile; fileRef = D3B551FA26CC6D3600BAFCDD /* SeasonsDisclosureGroup.swift */; };
/* End PBXBuildFile section */

/* Begin PBXFileReference section */
		D34DA43C26C1CA9800CE4DEF /* EpisodesViewModel.swift */ = {isa = PBXFileReference; lastKnownFileType = sourcecode.swift; path = EpisodesViewModel.swift; sourceTree = "<group>"; };
		D34DA43E26C1CADF00CE4DEF /* Episode.swift */ = {isa = PBXFileReference; lastKnownFileType = sourcecode.swift; path = Episode.swift; sourceTree = "<group>"; };
		D34DA44026C1D76800CE4DEF /* EpisodeDetailView.swift */ = {isa = PBXFileReference; lastKnownFileType = sourcecode.swift; path = EpisodeDetailView.swift; sourceTree = "<group>"; };
		D34DA44226C26F0D00CE4DEF /* SearchBarView.swift */ = {isa = PBXFileReference; lastKnownFileType = sourcecode.swift; path = SearchBarView.swift; sourceTree = "<group>"; };
		D3573FE126C1AD77000E621A /* Breaking Bad Fan App.app */ = {isa = PBXFileReference; explicitFileType = wrapper.application; includeInIndex = 0; path = "Breaking Bad Fan App.app"; sourceTree = BUILT_PRODUCTS_DIR; };
		D3573FE426C1AD77000E621A /* Breaking_Bad_Fan_AppApp.swift */ = {isa = PBXFileReference; lastKnownFileType = sourcecode.swift; path = Breaking_Bad_Fan_AppApp.swift; sourceTree = "<group>"; };
		D3573FE626C1AD77000E621A /* ContentView.swift */ = {isa = PBXFileReference; lastKnownFileType = sourcecode.swift; path = ContentView.swift; sourceTree = "<group>"; };
		D3573FE826C1AD78000E621A /* Assets.xcassets */ = {isa = PBXFileReference; lastKnownFileType = folder.assetcatalog; path = Assets.xcassets; sourceTree = "<group>"; };
		D3573FEB26C1AD78000E621A /* Preview Assets.xcassets */ = {isa = PBXFileReference; lastKnownFileType = folder.assetcatalog; path = "Preview Assets.xcassets"; sourceTree = "<group>"; };
		D3573FF526C1AE0B000E621A /* CharactersView.swift */ = {isa = PBXFileReference; lastKnownFileType = sourcecode.swift; path = CharactersView.swift; sourceTree = "<group>"; };
		D3573FF726C1AEBA000E621A /* TabView.swift */ = {isa = PBXFileReference; lastKnownFileType = sourcecode.swift; path = TabView.swift; sourceTree = "<group>"; };
		D3573FFB26C1AFA1000E621A /* EpisodesView.swift */ = {isa = PBXFileReference; lastKnownFileType = sourcecode.swift; path = EpisodesView.swift; sourceTree = "<group>"; };
		D3573FFD26C1B331000E621A /* Character.swift */ = {isa = PBXFileReference; lastKnownFileType = sourcecode.swift; path = Character.swift; sourceTree = "<group>"; };
		D3573FFF26C1B6B1000E621A /* CharactersViewModel.swift */ = {isa = PBXFileReference; lastKnownFileType = sourcecode.swift; path = CharactersViewModel.swift; sourceTree = "<group>"; };
		D357400126C1B9D4000E621A /* CharacterDetailsView.swift */ = {isa = PBXFileReference; lastKnownFileType = sourcecode.swift; path = CharacterDetailsView.swift; sourceTree = "<group>"; };
		D3B551FA26CC6D3600BAFCDD /* SeasonsDisclosureGroup.swift */ = {isa = PBXFileReference; lastKnownFileType = sourcecode.swift; path = SeasonsDisclosureGroup.swift; sourceTree = "<group>"; };
/* End PBXFileReference section */

/* Begin PBXFrameworksBuildPhase section */
		D3573FDE26C1AD77000E621A /* Frameworks */ = {
			isa = PBXFrameworksBuildPhase;
			buildActionMask = 2147483647;
			files = (
				D357400526C1BA47000E621A /* SDWebImageSwiftUI in Frameworks */,
			);
			runOnlyForDeploymentPostprocessing = 0;
		};
/* End PBXFrameworksBuildPhase section */

/* Begin PBXGroup section */
		D3573FD826C1AD77000E621A = {
			isa = PBXGroup;
			children = (
				D3573FE326C1AD77000E621A /* Breaking Bad Fan App */,
				D3573FE226C1AD77000E621A /* Products */,
			);
			sourceTree = "<group>";
		};
		D3573FE226C1AD77000E621A /* Products */ = {
			isa = PBXGroup;
			children = (
				D3573FE126C1AD77000E621A /* Breaking Bad Fan App.app */,
			);
			name = Products;
			sourceTree = "<group>";
		};
		D3573FE326C1AD77000E621A /* Breaking Bad Fan App */ = {
			isa = PBXGroup;
			children = (
				D3573FF326C1AD9F000E621A /* View Models */,
				D3573FF426C1ADA7000E621A /* Models */,
				D3573FF226C1AD8E000E621A /* Views */,
				D3573FE826C1AD78000E621A /* Assets.xcassets */,
				D3573FE426C1AD77000E621A /* Breaking_Bad_Fan_AppApp.swift */,
				D3573FEA26C1AD78000E621A /* Preview Content */,
			);
			path = "Breaking Bad Fan App";
			sourceTree = "<group>";
		};
		D3573FEA26C1AD78000E621A /* Preview Content */ = {
			isa = PBXGroup;
			children = (
				D3573FEB26C1AD78000E621A /* Preview Assets.xcassets */,
			);
			path = "Preview Content";
			sourceTree = "<group>";
		};
		D3573FF226C1AD8E000E621A /* Views */ = {
			isa = PBXGroup;
			children = (
				D3573FF726C1AEBA000E621A /* TabView.swift */,
				D3573FE626C1AD77000E621A /* ContentView.swift */,
				D3573FF526C1AE0B000E621A /* CharactersView.swift */,
				D357400126C1B9D4000E621A /* CharacterDetailsView.swift */,
				D3573FFB26C1AFA1000E621A /* EpisodesView.swift */,
				D34DA44026C1D76800CE4DEF /* EpisodeDetailView.swift */,
				D34DA44226C26F0D00CE4DEF /* SearchBarView.swift */,
				D3B551FA26CC6D3600BAFCDD /* SeasonsDisclosureGroup.swift */,
			);
			path = Views;
			sourceTree = "<group>";
		};
		D3573FF326C1AD9F000E621A /* View Models */ = {
			isa = PBXGroup;
			children = (
				D3573FFF26C1B6B1000E621A /* CharactersViewModel.swift */,
				D34DA43C26C1CA9800CE4DEF /* EpisodesViewModel.swift */,
			);
			path = "View Models";
			sourceTree = "<group>";
		};
		D3573FF426C1ADA7000E621A /* Models */ = {
			isa = PBXGroup;
			children = (
				D3573FFD26C1B331000E621A /* Character.swift */,
				D34DA43E26C1CADF00CE4DEF /* Episode.swift */,
			);
			path = Models;
			sourceTree = "<group>";
		};
/* End PBXGroup section */

/* Begin PBXNativeTarget section */
		D3573FE026C1AD77000E621A /* Breaking Bad Fan App */ = {
			isa = PBXNativeTarget;
			buildConfigurationList = D3573FEF26C1AD78000E621A /* Build configuration list for PBXNativeTarget "Breaking Bad Fan App" */;
			buildPhases = (
				D3573FDD26C1AD77000E621A /* Sources */,
				D3573FDE26C1AD77000E621A /* Frameworks */,
				D3573FDF26C1AD77000E621A /* Resources */,
			);
			buildRules = (
			);
			dependencies = (
			);
			name = "Breaking Bad Fan App";
			packageProductDependencies = (
				D357400426C1BA47000E621A /* SDWebImageSwiftUI */,
			);
			productName = "Breaking Bad Fan App";
			productReference = D3573FE126C1AD77000E621A /* Breaking Bad Fan App.app */;
			productType = "com.apple.product-type.application";
		};
/* End PBXNativeTarget section */

/* Begin PBXProject section */
		D3573FD926C1AD77000E621A /* Project object */ = {
			isa = PBXProject;
			attributes = {
				BuildIndependentTargetsInParallel = 1;
				LastSwiftUpdateCheck = 1300;
				LastUpgradeCheck = 1300;
				TargetAttributes = {
					D3573FE026C1AD77000E621A = {
						CreatedOnToolsVersion = 13.0;
					};
				};
			};
			buildConfigurationList = D3573FDC26C1AD77000E621A /* Build configuration list for PBXProject "Breaking Bad Fan App" */;
			compatibilityVersion = "Xcode 13.0";
			developmentRegion = en;
			hasScannedForEncodings = 0;
			knownRegions = (
				en,
				Base,
			);
			mainGroup = D3573FD826C1AD77000E621A;
			packageReferences = (
				D357400326C1BA47000E621A /* XCRemoteSwiftPackageReference "SDWebImageSwiftUI" */,
			);
			productRefGroup = D3573FE226C1AD77000E621A /* Products */;
			projectDirPath = "";
			projectRoot = "";
			targets = (
				D3573FE026C1AD77000E621A /* Breaking Bad Fan App */,
			);
		};
/* End PBXProject section */

/* Begin PBXResourcesBuildPhase section */
		D3573FDF26C1AD77000E621A /* Resources */ = {
			isa = PBXResourcesBuildPhase;
			buildActionMask = 2147483647;
			files = (
				D3573FEC26C1AD78000E621A /* Preview Assets.xcassets in Resources */,
				D3573FE926C1AD78000E621A /* Assets.xcassets in Resources */,
			);
			runOnlyForDeploymentPostprocessing = 0;
		};
/* End PBXResourcesBuildPhase section */

/* Begin PBXSourcesBuildPhase section */
		D3573FDD26C1AD77000E621A /* Sources */ = {
			isa = PBXSourcesBuildPhase;
			buildActionMask = 2147483647;
			files = (
				D3573FE726C1AD77000E621A /* ContentView.swift in Sources */,
				D357400026C1B6B1000E621A /* CharactersViewModel.swift in Sources */,
				D3B551FB26CC6D3600BAFCDD /* SeasonsDisclosureGroup.swift in Sources */,
				D34DA43D26C1CA9800CE4DEF /* EpisodesViewModel.swift in Sources */,
				D34DA43F26C1CADF00CE4DEF /* Episode.swift in Sources */,
				D34DA44326C26F0D00CE4DEF /* SearchBarView.swift in Sources */,
				D3573FE526C1AD77000E621A /* Breaking_Bad_Fan_AppApp.swift in Sources */,
				D357400226C1B9D4000E621A /* CharacterDetailsView.swift in Sources */,
				D3573FF826C1AEBA000E621A /* TabView.swift in Sources */,
				D3573FFE26C1B332000E621A /* Character.swift in Sources */,
				D34DA44126C1D76800CE4DEF /* EpisodeDetailView.swift in Sources */,
				D3573FF626C1AE0B000E621A /* CharactersView.swift in Sources */,
				D3573FFC26C1AFA1000E621A /* EpisodesView.swift in Sources */,
			);
			runOnlyForDeploymentPostprocessing = 0;
		};
/* End PBXSourcesBuildPhase section */

/* Begin XCBuildConfiguration section */
		D3573FED26C1AD78000E621A /* Debug */ = {
			isa = XCBuildConfiguration;
			buildSettings = {
				ALWAYS_SEARCH_USER_PATHS = NO;
				CLANG_ANALYZER_NONNULL = YES;
				CLANG_ANALYZER_NUMBER_OBJECT_CONVERSION = YES_AGGRESSIVE;
				CLANG_CXX_LANGUAGE_STANDARD = "gnu++17";
				CLANG_CXX_LIBRARY = "libc++";
				CLANG_ENABLE_MODULES = YES;
				CLANG_ENABLE_OBJC_ARC = YES;
				CLANG_ENABLE_OBJC_WEAK = YES;
				CLANG_WARN_BLOCK_CAPTURE_AUTORELEASING = YES;
				CLANG_WARN_BOOL_CONVERSION = YES;
				CLANG_WARN_COMMA = YES;
				CLANG_WARN_CONSTANT_CONVERSION = YES;
				CLANG_WARN_DEPRECATED_OBJC_IMPLEMENTATIONS = YES;
				CLANG_WARN_DIRECT_OBJC_ISA_USAGE = YES_ERROR;
				CLANG_WARN_DOCUMENTATION_COMMENTS = YES;
				CLANG_WARN_EMPTY_BODY = YES;
				CLANG_WARN_ENUM_CONVERSION = YES;
				CLANG_WARN_INFINITE_RECURSION = YES;
				CLANG_WARN_INT_CONVERSION = YES;
				CLANG_WARN_NON_LITERAL_NULL_CONVERSION = YES;
				CLANG_WARN_OBJC_IMPLICIT_RETAIN_SELF = YES;
				CLANG_WARN_OBJC_LITERAL_CONVERSION = YES;
				CLANG_WARN_OBJC_ROOT_CLASS = YES_ERROR;
				CLANG_WARN_QUOTED_INCLUDE_IN_FRAMEWORK_HEADER = YES;
				CLANG_WARN_RANGE_LOOP_ANALYSIS = YES;
				CLANG_WARN_STRICT_PROTOTYPES = YES;
				CLANG_WARN_SUSPICIOUS_MOVE = YES;
				CLANG_WARN_UNGUARDED_AVAILABILITY = YES_AGGRESSIVE;
				CLANG_WARN_UNREACHABLE_CODE = YES;
				CLANG_WARN__DUPLICATE_METHOD_MATCH = YES;
				COPY_PHASE_STRIP = NO;
				DEBUG_INFORMATION_FORMAT = dwarf;
				ENABLE_STRICT_OBJC_MSGSEND = YES;
				ENABLE_TESTABILITY = YES;
				GCC_C_LANGUAGE_STANDARD = gnu11;
				GCC_DYNAMIC_NO_PIC = NO;
				GCC_NO_COMMON_BLOCKS = YES;
				GCC_OPTIMIZATION_LEVEL = 0;
				GCC_PREPROCESSOR_DEFINITIONS = (
					"DEBUG=1",
					"$(inherited)",
				);
				GCC_WARN_64_TO_32_BIT_CONVERSION = YES;
				GCC_WARN_ABOUT_RETURN_TYPE = YES_ERROR;
				GCC_WARN_UNDECLARED_SELECTOR = YES;
				GCC_WARN_UNINITIALIZED_AUTOS = YES_AGGRESSIVE;
				GCC_WARN_UNUSED_FUNCTION = YES;
				GCC_WARN_UNUSED_VARIABLE = YES;
				IPHONEOS_DEPLOYMENT_TARGET = 15.0;
				MTL_ENABLE_DEBUG_INFO = INCLUDE_SOURCE;
				MTL_FAST_MATH = YES;
				ONLY_ACTIVE_ARCH = YES;
				SDKROOT = iphoneos;
				SWIFT_ACTIVE_COMPILATION_CONDITIONS = DEBUG;
				SWIFT_OPTIMIZATION_LEVEL = "-Onone";
			};
			name = Debug;
		};
		D3573FEE26C1AD78000E621A /* Release */ = {
			isa = XCBuildConfiguration;
			buildSettings = {
				ALWAYS_SEARCH_USER_PATHS = NO;
				CLANG_ANALYZER_NONNULL = YES;
				CLANG_ANALYZER_NUMBER_OBJECT_CONVERSION = YES_AGGRESSIVE;
				CLANG_CXX_LANGUAGE_STANDARD = "gnu++17";
				CLANG_CXX_LIBRARY = "libc++";
				CLANG_ENABLE_MODULES = YES;
				CLANG_ENABLE_OBJC_ARC = YES;
				CLANG_ENABLE_OBJC_WEAK = YES;
				CLANG_WARN_BLOCK_CAPTURE_AUTORELEASING = YES;
				CLANG_WARN_BOOL_CONVERSION = YES;
				CLANG_WARN_COMMA = YES;
				CLANG_WARN_CONSTANT_CONVERSION = YES;
				CLANG_WARN_DEPRECATED_OBJC_IMPLEMENTATIONS = YES;
				CLANG_WARN_DIRECT_OBJC_ISA_USAGE = YES_ERROR;
				CLANG_WARN_DOCUMENTATION_COMMENTS = YES;
				CLANG_WARN_EMPTY_BODY = YES;
				CLANG_WARN_ENUM_CONVERSION = YES;
				CLANG_WARN_INFINITE_RECURSION = YES;
				CLANG_WARN_INT_CONVERSION = YES;
				CLANG_WARN_NON_LITERAL_NULL_CONVERSION = YES;
				CLANG_WARN_OBJC_IMPLICIT_RETAIN_SELF = YES;
				CLANG_WARN_OBJC_LITERAL_CONVERSION = YES;
				CLANG_WARN_OBJC_ROOT_CLASS = YES_ERROR;
				CLANG_WARN_QUOTED_INCLUDE_IN_FRAMEWORK_HEADER = YES;
				CLANG_WARN_RANGE_LOOP_ANALYSIS = YES;
				CLANG_WARN_STRICT_PROTOTYPES = YES;
				CLANG_WARN_SUSPICIOUS_MOVE = YES;
				CLANG_WARN_UNGUARDED_AVAILABILITY = YES_AGGRESSIVE;
				CLANG_WARN_UNREACHABLE_CODE = YES;
				CLANG_WARN__DUPLICATE_METHOD_MATCH = YES;
				COPY_PHASE_STRIP = NO;
				DEBUG_INFORMATION_FORMAT = "dwarf-with-dsym";
				ENABLE_NS_ASSERTIONS = NO;
				ENABLE_STRICT_OBJC_MSGSEND = YES;
				GCC_C_LANGUAGE_STANDARD = gnu11;
				GCC_NO_COMMON_BLOCKS = YES;
				GCC_WARN_64_TO_32_BIT_CONVERSION = YES;
				GCC_WARN_ABOUT_RETURN_TYPE = YES_ERROR;
				GCC_WARN_UNDECLARED_SELECTOR = YES;
				GCC_WARN_UNINITIALIZED_AUTOS = YES_AGGRESSIVE;
				GCC_WARN_UNUSED_FUNCTION = YES;
				GCC_WARN_UNUSED_VARIABLE = YES;
				IPHONEOS_DEPLOYMENT_TARGET = 15.0;
				MTL_ENABLE_DEBUG_INFO = NO;
				MTL_FAST_MATH = YES;
				SDKROOT = iphoneos;
				SWIFT_COMPILATION_MODE = wholemodule;
				SWIFT_OPTIMIZATION_LEVEL = "-O";
				VALIDATE_PRODUCT = YES;
			};
			name = Release;
		};
		D3573FF026C1AD78000E621A /* Debug */ = {
			isa = XCBuildConfiguration;
			buildSettings = {
				ASSETCATALOG_COMPILER_APPICON_NAME = AppIcon;
				ASSETCATALOG_COMPILER_GLOBAL_ACCENT_COLOR_NAME = AccentColor;
				CODE_SIGN_STYLE = Automatic;
				CURRENT_PROJECT_VERSION = 1;
				DEVELOPMENT_ASSET_PATHS = "\"Breaking Bad Fan App/Preview Content\"";
				DEVELOPMENT_TEAM = XS2234DW8N;
				ENABLE_PREVIEWS = YES;
				GENERATE_INFOPLIST_FILE = YES;
				INFOPLIST_KEY_UIApplicationSceneManifest_Generation = YES;
				INFOPLIST_KEY_UIApplicationSupportsIndirectInputEvents = YES;
				INFOPLIST_KEY_UILaunchScreen_Generation = YES;
				INFOPLIST_KEY_UISupportedInterfaceOrientations_iPad = "UIInterfaceOrientationPortrait UIInterfaceOrientationPortraitUpsideDown UIInterfaceOrientationLandscapeLeft UIInterfaceOrientationLandscapeRight";
				INFOPLIST_KEY_UISupportedInterfaceOrientations_iPhone = "UIInterfaceOrientationPortrait UIInterfaceOrientationLandscapeLeft UIInterfaceOrientationLandscapeRight";
				IPHONEOS_DEPLOYMENT_TARGET = 14.0;
				LD_RUNPATH_SEARCH_PATHS = (
					"$(inherited)",
					"@executable_path/Frameworks",
				);
				MARKETING_VERSION = 1.0;
				PRODUCT_BUNDLE_IDENTIFIER = "appDevTeam.Breaking-Bad-Fan-App";
				PRODUCT_NAME = "$(TARGET_NAME)";
				SWIFT_EMIT_LOC_STRINGS = YES;
				SWIFT_VERSION = 5.0;
				TARGETED_DEVICE_FAMILY = "1,2";
			};
			name = Debug;
		};
		D3573FF126C1AD78000E621A /* Release */ = {
			isa = XCBuildConfiguration;
			buildSettings = {
				ASSETCATALOG_COMPILER_APPICON_NAME = AppIcon;
				ASSETCATALOG_COMPILER_GLOBAL_ACCENT_COLOR_NAME = AccentColor;
				CODE_SIGN_STYLE = Automatic;
				CURRENT_PROJECT_VERSION = 1;
				DEVELOPMENT_ASSET_PATHS = "\"Breaking Bad Fan App/Preview Content\"";
				DEVELOPMENT_TEAM = XS2234DW8N;
				ENABLE_PREVIEWS = YES;
				GENERATE_INFOPLIST_FILE = YES;
				INFOPLIST_KEY_UIApplicationSceneManifest_Generation = YES;
				INFOPLIST_KEY_UIApplicationSupportsIndirectInputEvents = YES;
				INFOPLIST_KEY_UILaunchScreen_Generation = YES;
				INFOPLIST_KEY_UISupportedInterfaceOrientations_iPad = "UIInterfaceOrientationPortrait UIInterfaceOrientationPortraitUpsideDown UIInterfaceOrientationLandscapeLeft UIInterfaceOrientationLandscapeRight";
				INFOPLIST_KEY_UISupportedInterfaceOrientations_iPhone = "UIInterfaceOrientationPortrait UIInterfaceOrientationLandscapeLeft UIInterfaceOrientationLandscapeRight";
				IPHONEOS_DEPLOYMENT_TARGET = 14.0;
				LD_RUNPATH_SEARCH_PATHS = (
					"$(inherited)",
					"@executable_path/Frameworks",
				);
				MARKETING_VERSION = 1.0;
				PRODUCT_BUNDLE_IDENTIFIER = "appDevTeam.Breaking-Bad-Fan-App";
				PRODUCT_NAME = "$(TARGET_NAME)";
				SWIFT_EMIT_LOC_STRINGS = YES;
				SWIFT_VERSION = 5.0;
				TARGETED_DEVICE_FAMILY = "1,2";
			};
			name = Release;
		};
/* End XCBuildConfiguration section */

/* Begin XCConfigurationList section */
		D3573FDC26C1AD77000E621A /* Build configuration list for PBXProject "Breaking Bad Fan App" */ = {
			isa = XCConfigurationList;
			buildConfigurations = (
				D3573FED26C1AD78000E621A /* Debug */,
				D3573FEE26C1AD78000E621A /* Release */,
			);
			defaultConfigurationIsVisible = 0;
			defaultConfigurationName = Release;
		};
		D3573FEF26C1AD78000E621A /* Build configuration list for PBXNativeTarget "Breaking Bad Fan App" */ = {
			isa = XCConfigurationList;
			buildConfigurations = (
				D3573FF026C1AD78000E621A /* Debug */,
				D3573FF126C1AD78000E621A /* Release */,
			);
			defaultConfigurationIsVisible = 0;
			defaultConfigurationName = Release;
		};
/* End XCConfigurationList section */

/* Begin XCRemoteSwiftPackageReference section */
		D357400326C1BA47000E621A /* XCRemoteSwiftPackageReference "SDWebImageSwiftUI" */ = {
			isa = XCRemoteSwiftPackageReference;
			repositoryURL = "https://github.com/SDWebImage/SDWebImageSwiftUI";
			requirement = {
				branch = master;
				kind = branch;
			};
		};
/* End XCRemoteSwiftPackageReference section */

/* Begin XCSwiftPackageProductDependency section */
		D357400426C1BA47000E621A /* SDWebImageSwiftUI */ = {
			isa = XCSwiftPackageProductDependency;
			package = D357400326C1BA47000E621A /* XCRemoteSwiftPackageReference "SDWebImageSwiftUI" */;
			productName = SDWebImageSwiftUI;
		};
/* End XCSwiftPackageProductDependency section */
	};
	rootObject = D3573FD926C1AD77000E621A /* Project object */;
}
